
Microsoft Visual Studio Solution File, Format Version 12.00
# Visual Studio Version 17
VisualStudioVersion = 17.14.36518.9 d17.14
MinimumVisualStudioVersion = 10.0.40219.1
Project("{FAE04EC0-301F-11D3-BF4B-00C04F79EFBC}") = "BankCustomerAPI", "BankCustomerAPI\BankCustomerAPI.csproj", "{8D5112AA-DB39-4484-A6FD-2F51A972432D}"
EndProject
Global
	GlobalSection(SolutionConfigurationPlatforms) = preSolution
		Debug|Any CPU = Debug|Any CPU
		Release|Any CPU = Release|Any CPU
	EndGlobalSection
	GlobalSection(ProjectConfigurationPlatforms) = postSolution
		{8D5112AA-DB39-4484-A6FD-2F51A972432D}.Debug|Any CPU.ActiveCfg = Debug|Any CPU
		{8D5112AA-DB39-4484-A6FD-2F51A972432D}.Debug|Any CPU.Build.0 = Debug|Any CPU
		{8D5112AA-DB39-4484-A6FD-2F51A972432D}.Release|Any CPU.ActiveCfg = Release|Any CPU
		{8D5112AA-DB39-4484-A6FD-2F51A972432D}.Release|Any CPU.Build.0 = Release|Any CPU
	EndGlobalSection
	GlobalSection(SolutionProperties) = preSolution
		HideSolutionNode = FALSE
	EndGlobalSection
	GlobalSection(ExtensibilityGlobals) = postSolution
		SolutionGuid = {C1EE1551-39BF-48AF-B260-4A3F51EFBE3C}
	EndGlobalSection
EndGlobal
